// !$*UTF8*$!
{
	archiveVersion = 1;
	classes = {
	};
	objectVersion = 46;
	objects = {

/* Begin PBXBuildFile section */
		BC8FCC091D70115D006ADDB8 /* AppDelegate.swift in Sources */ = {isa = PBXBuildFile; fileRef = BC8FCC081D70115D006ADDB8 /* AppDelegate.swift */; };
		BC8FCC0B1D70115D006ADDB8 /* ViewController.swift in Sources */ = {isa = PBXBuildFile; fileRef = BC8FCC0A1D70115D006ADDB8 /* ViewController.swift */; };
		BC8FCC0E1D70115D006ADDB8 /* Main.storyboard in Resources */ = {isa = PBXBuildFile; fileRef = BC8FCC0C1D70115D006ADDB8 /* Main.storyboard */; };
		BC8FCC111D70115D006ADDB8 /* Blindfisch.xcdatamodeld in Sources */ = {isa = PBXBuildFile; fileRef = BC8FCC0F1D70115D006ADDB8 /* Blindfisch.xcdatamodeld */; };
		BC8FCC131D70115D006ADDB8 /* Assets.xcassets in Resources */ = {isa = PBXBuildFile; fileRef = BC8FCC121D70115D006ADDB8 /* Assets.xcassets */; };
		BC8FCC161D70115D006ADDB8 /* LaunchScreen.storyboard in Resources */ = {isa = PBXBuildFile; fileRef = BC8FCC141D70115D006ADDB8 /* LaunchScreen.storyboard */; };
		BC8FCC211D70115D006ADDB8 /* BlindfischTests.swift in Sources */ = {isa = PBXBuildFile; fileRef = BC8FCC201D70115D006ADDB8 /* BlindfischTests.swift */; };
		BC8FCC2C1D70115D006ADDB8 /* BlindfischUITests.swift in Sources */ = {isa = PBXBuildFile; fileRef = BC8FCC2B1D70115D006ADDB8 /* BlindfischUITests.swift */; };
/* End PBXBuildFile section */

/* Begin PBXContainerItemProxy section */
		BC8FCC1D1D70115D006ADDB8 /* PBXContainerItemProxy */ = {
			isa = PBXContainerItemProxy;
			containerPortal = BC8FCBFD1D70115D006ADDB8 /* Project object */;
			proxyType = 1;
			remoteGlobalIDString = BC8FCC041D70115D006ADDB8;
			remoteInfo = Blindfisch;
		};
		BC8FCC281D70115D006ADDB8 /* PBXContainerItemProxy */ = {
			isa = PBXContainerItemProxy;
			containerPortal = BC8FCBFD1D70115D006ADDB8 /* Project object */;
			proxyType = 1;
			remoteGlobalIDString = BC8FCC041D70115D006ADDB8;
			remoteInfo = Blindfisch;
		};
/* End PBXContainerItemProxy section */

/* Begin PBXFileReference section */
		BC8FCC051D70115D006ADDB8 /* Blindfisch.app */ = {isa = PBXFileReference; explicitFileType = wrapper.application; includeInIndex = 0; path = Blindfisch.app; sourceTree = BUILT_PRODUCTS_DIR; };
		BC8FCC081D70115D006ADDB8 /* AppDelegate.swift */ = {isa = PBXFileReference; lastKnownFileType = sourcecode.swift; path = AppDelegate.swift; sourceTree = "<group>"; };
		BC8FCC0A1D70115D006ADDB8 /* ViewController.swift */ = {isa = PBXFileReference; lastKnownFileType = sourcecode.swift; path = ViewController.swift; sourceTree = "<group>"; };
		BC8FCC0D1D70115D006ADDB8 /* Base */ = {isa = PBXFileReference; lastKnownFileType = file.storyboard; name = Base; path = Base.lproj/Main.storyboard; sourceTree = "<group>"; };
		BC8FCC101D70115D006ADDB8 /* Blindfisch.xcdatamodel */ = {isa = PBXFileReference; lastKnownFileType = wrapper.xcdatamodel; path = Blindfisch.xcdatamodel; sourceTree = "<group>"; };
		BC8FCC121D70115D006ADDB8 /* Assets.xcassets */ = {isa = PBXFileReference; lastKnownFileType = folder.assetcatalog; path = Assets.xcassets; sourceTree = "<group>"; };
		BC8FCC151D70115D006ADDB8 /* Base */ = {isa = PBXFileReference; lastKnownFileType = file.storyboard; name = Base; path = Base.lproj/LaunchScreen.storyboard; sourceTree = "<group>"; };
		BC8FCC171D70115D006ADDB8 /* Info.plist */ = {isa = PBXFileReference; lastKnownFileType = text.plist.xml; path = Info.plist; sourceTree = "<group>"; };
		BC8FCC1C1D70115D006ADDB8 /* BlindfischTests.xctest */ = {isa = PBXFileReference; explicitFileType = wrapper.cfbundle; includeInIndex = 0; path = BlindfischTests.xctest; sourceTree = BUILT_PRODUCTS_DIR; };
		BC8FCC201D70115D006ADDB8 /* BlindfischTests.swift */ = {isa = PBXFileReference; lastKnownFileType = sourcecode.swift; path = BlindfischTests.swift; sourceTree = "<group>"; };
		BC8FCC221D70115D006ADDB8 /* Info.plist */ = {isa = PBXFileReference; lastKnownFileType = text.plist.xml; path = Info.plist; sourceTree = "<group>"; };
		BC8FCC271D70115D006ADDB8 /* BlindfischUITests.xctest */ = {isa = PBXFileReference; explicitFileType = wrapper.cfbundle; includeInIndex = 0; path = BlindfischUITests.xctest; sourceTree = BUILT_PRODUCTS_DIR; };
		BC8FCC2B1D70115D006ADDB8 /* BlindfischUITests.swift */ = {isa = PBXFileReference; lastKnownFileType = sourcecode.swift; path = BlindfischUITests.swift; sourceTree = "<group>"; };
		BC8FCC2D1D70115D006ADDB8 /* Info.plist */ = {isa = PBXFileReference; lastKnownFileType = text.plist.xml; path = Info.plist; sourceTree = "<group>"; };
/* End PBXFileReference section */

/* Begin PBXFrameworksBuildPhase section */
		BC8FCC021D70115D006ADDB8 /* Frameworks */ = {
			isa = PBXFrameworksBuildPhase;
			buildActionMask = 2147483647;
			files = (
			);
			runOnlyForDeploymentPostprocessing = 0;
		};
		BC8FCC191D70115D006ADDB8 /* Frameworks */ = {
			isa = PBXFrameworksBuildPhase;
			buildActionMask = 2147483647;
			files = (
			);
			runOnlyForDeploymentPostprocessing = 0;
		};
		BC8FCC241D70115D006ADDB8 /* Frameworks */ = {
			isa = PBXFrameworksBuildPhase;
			buildActionMask = 2147483647;
			files = (
			);
			runOnlyForDeploymentPostprocessing = 0;
		};
/* End PBXFrameworksBuildPhase section */

/* Begin PBXGroup section */
		BC8FCBFC1D70115D006ADDB8 = {
			isa = PBXGroup;
			children = (
				BC8FCC071D70115D006ADDB8 /* Blindfisch */,
				BC8FCC1F1D70115D006ADDB8 /* BlindfischTests */,
				BC8FCC2A1D70115D006ADDB8 /* BlindfischUITests */,
				BC8FCC061D70115D006ADDB8 /* Products */,
			);
			sourceTree = "<group>";
		};
		BC8FCC061D70115D006ADDB8 /* Products */ = {
			isa = PBXGroup;
			children = (
				BC8FCC051D70115D006ADDB8 /* Blindfisch.app */,
				BC8FCC1C1D70115D006ADDB8 /* BlindfischTests.xctest */,
				BC8FCC271D70115D006ADDB8 /* BlindfischUITests.xctest */,
			);
			name = Products;
			sourceTree = "<group>";
		};
		BC8FCC071D70115D006ADDB8 /* Blindfisch */ = {
			isa = PBXGroup;
			children = (
				BC8FCC081D70115D006ADDB8 /* AppDelegate.swift */,
				BC8FCC0A1D70115D006ADDB8 /* ViewController.swift */,
				BC8FCC0C1D70115D006ADDB8 /* Main.storyboard */,
				BC8FCC121D70115D006ADDB8 /* Assets.xcassets */,
				BC8FCC141D70115D006ADDB8 /* LaunchScreen.storyboard */,
				BC8FCC171D70115D006ADDB8 /* Info.plist */,
				BC8FCC0F1D70115D006ADDB8 /* Blindfisch.xcdatamodeld */,
			);
			path = Blindfisch;
			sourceTree = "<group>";
		};
		BC8FCC1F1D70115D006ADDB8 /* BlindfischTests */ = {
			isa = PBXGroup;
			children = (
				BC8FCC201D70115D006ADDB8 /* BlindfischTests.swift */,
				BC8FCC221D70115D006ADDB8 /* Info.plist */,
			);
			path = BlindfischTests;
			sourceTree = "<group>";
		};
		BC8FCC2A1D70115D006ADDB8 /* BlindfischUITests */ = {
			isa = PBXGroup;
			children = (
				BC8FCC2B1D70115D006ADDB8 /* BlindfischUITests.swift */,
				BC8FCC2D1D70115D006ADDB8 /* Info.plist */,
			);
			path = BlindfischUITests;
			sourceTree = "<group>";
		};
/* End PBXGroup section */

/* Begin PBXNativeTarget section */
		BC8FCC041D70115D006ADDB8 /* Blindfisch */ = {
			isa = PBXNativeTarget;
			buildConfigurationList = BC8FCC301D70115D006ADDB8 /* Build configuration list for PBXNativeTarget "Blindfisch" */;
			buildPhases = (
				BC8FCC011D70115D006ADDB8 /* Sources */,
				BC8FCC021D70115D006ADDB8 /* Frameworks */,
				BC8FCC031D70115D006ADDB8 /* Resources */,
			);
			buildRules = (
			);
			dependencies = (
			);
			name = Blindfisch;
			productName = Blindfisch;
			productReference = BC8FCC051D70115D006ADDB8 /* Blindfisch.app */;
			productType = "com.apple.product-type.application";
		};
		BC8FCC1B1D70115D006ADDB8 /* BlindfischTests */ = {
			isa = PBXNativeTarget;
			buildConfigurationList = BC8FCC331D70115D006ADDB8 /* Build configuration list for PBXNativeTarget "BlindfischTests" */;
			buildPhases = (
				BC8FCC181D70115D006ADDB8 /* Sources */,
				BC8FCC191D70115D006ADDB8 /* Frameworks */,
				BC8FCC1A1D70115D006ADDB8 /* Resources */,
			);
			buildRules = (
			);
			dependencies = (
				BC8FCC1E1D70115D006ADDB8 /* PBXTargetDependency */,
			);
			name = BlindfischTests;
			productName = BlindfischTests;
			productReference = BC8FCC1C1D70115D006ADDB8 /* BlindfischTests.xctest */;
			productType = "com.apple.product-type.bundle.unit-test";
		};
		BC8FCC261D70115D006ADDB8 /* BlindfischUITests */ = {
			isa = PBXNativeTarget;
			buildConfigurationList = BC8FCC361D70115D006ADDB8 /* Build configuration list for PBXNativeTarget "BlindfischUITests" */;
			buildPhases = (
				BC8FCC231D70115D006ADDB8 /* Sources */,
				BC8FCC241D70115D006ADDB8 /* Frameworks */,
				BC8FCC251D70115D006ADDB8 /* Resources */,
			);
			buildRules = (
			);
			dependencies = (
				BC8FCC291D70115D006ADDB8 /* PBXTargetDependency */,
			);
			name = BlindfischUITests;
			productName = BlindfischUITests;
			productReference = BC8FCC271D70115D006ADDB8 /* BlindfischUITests.xctest */;
			productType = "com.apple.product-type.bundle.ui-testing";
		};
/* End PBXNativeTarget section */

/* Begin PBXProject section */
		BC8FCBFD1D70115D006ADDB8 /* Project object */ = {
			isa = PBXProject;
			attributes = {
				LastSwiftUpdateCheck = 0800;
				LastUpgradeCheck = 0800;
				ORGANIZATIONNAME = "Christian Kabelin";
				TargetAttributes = {
					BC8FCC041D70115D006ADDB8 = {
						CreatedOnToolsVersion = 8.0;
						DevelopmentTeam = 79GTLBXDEQ;
						ProvisioningStyle = Automatic;
					};
					BC8FCC1B1D70115D006ADDB8 = {
						CreatedOnToolsVersion = 8.0;
						ProvisioningStyle = Automatic;
						TestTargetID = BC8FCC041D70115D006ADDB8;
					};
					BC8FCC261D70115D006ADDB8 = {
						CreatedOnToolsVersion = 8.0;
						ProvisioningStyle = Automatic;
						TestTargetID = BC8FCC041D70115D006ADDB8;
					};
				};
			};
			buildConfigurationList = BC8FCC001D70115D006ADDB8 /* Build configuration list for PBXProject "Blindfisch" */;
			compatibilityVersion = "Xcode 3.2";
			developmentRegion = English;
			hasScannedForEncodings = 0;
			knownRegions = (
				en,
				Base,
			);
			mainGroup = BC8FCBFC1D70115D006ADDB8;
			productRefGroup = BC8FCC061D70115D006ADDB8 /* Products */;
			projectDirPath = "";
			projectRoot = "";
			targets = (
				BC8FCC041D70115D006ADDB8 /* Blindfisch */,
				BC8FCC1B1D70115D006ADDB8 /* BlindfischTests */,
				BC8FCC261D70115D006ADDB8 /* BlindfischUITests */,
			);
		};
/* End PBXProject section */

/* Begin PBXResourcesBuildPhase section */
		BC8FCC031D70115D006ADDB8 /* Resources */ = {
			isa = PBXResourcesBuildPhase;
			buildActionMask = 2147483647;
			files = (
				BC8FCC161D70115D006ADDB8 /* LaunchScreen.storyboard in Resources */,
				BC8FCC131D70115D006ADDB8 /* Assets.xcassets in Resources */,
				BC8FCC0E1D70115D006ADDB8 /* Main.storyboard in Resources */,
			);
			runOnlyForDeploymentPostprocessing = 0;
		};
		BC8FCC1A1D70115D006ADDB8 /* Resources */ = {
			isa = PBXResourcesBuildPhase;
			buildActionMask = 2147483647;
			files = (
			);
			runOnlyForDeploymentPostprocessing = 0;
		};
		BC8FCC251D70115D006ADDB8 /* Resources */ = {
			isa = PBXResourcesBuildPhase;
			buildActionMask = 2147483647;
			files = (
			);
			runOnlyForDeploymentPostprocessing = 0;
		};
/* End PBXResourcesBuildPhase section */

/* Begin PBXSourcesBuildPhase section */
		BC8FCC011D70115D006ADDB8 /* Sources */ = {
			isa = PBXSourcesBuildPhase;
			buildActionMask = 2147483647;
			files = (
				BC8FCC0B1D70115D006ADDB8 /* ViewController.swift in Sources */,
				BC8FCC111D70115D006ADDB8 /* Blindfisch.xcdatamodeld in Sources */,
				BC8FCC091D70115D006ADDB8 /* AppDelegate.swift in Sources */,
			);
			runOnlyForDeploymentPostprocessing = 0;
		};
		BC8FCC181D70115D006ADDB8 /* Sources */ = {
			isa = PBXSourcesBuildPhase;
			buildActionMask = 2147483647;
			files = (
				BC8FCC211D70115D006ADDB8 /* BlindfischTests.swift in Sources */,
			);
			runOnlyForDeploymentPostprocessing = 0;
		};
		BC8FCC231D70115D006ADDB8 /* Sources */ = {
			isa = PBXSourcesBuildPhase;
			buildActionMask = 2147483647;
			files = (
				BC8FCC2C1D70115D006ADDB8 /* BlindfischUITests.swift in Sources */,
			);
			runOnlyForDeploymentPostprocessing = 0;
		};
/* End PBXSourcesBuildPhase section */

/* Begin PBXTargetDependency section */
		BC8FCC1E1D70115D006ADDB8 /* PBXTargetDependency */ = {
			isa = PBXTargetDependency;
			target = BC8FCC041D70115D006ADDB8 /* Blindfisch */;
			targetProxy = BC8FCC1D1D70115D006ADDB8 /* PBXContainerItemProxy */;
		};
		BC8FCC291D70115D006ADDB8 /* PBXTargetDependency */ = {
			isa = PBXTargetDependency;
			target = BC8FCC041D70115D006ADDB8 /* Blindfisch */;
			targetProxy = BC8FCC281D70115D006ADDB8 /* PBXContainerItemProxy */;
		};
/* End PBXTargetDependency section */

/* Begin PBXVariantGroup section */
		BC8FCC0C1D70115D006ADDB8 /* Main.storyboard */ = {
			isa = PBXVariantGroup;
			children = (
				BC8FCC0D1D70115D006ADDB8 /* Base */,
			);
			name = Main.storyboard;
			sourceTree = "<group>";
		};
		BC8FCC141D70115D006ADDB8 /* LaunchScreen.storyboard */ = {
			isa = PBXVariantGroup;
			children = (
				BC8FCC151D70115D006ADDB8 /* Base */,
			);
			name = LaunchScreen.storyboard;
			sourceTree = "<group>";
		};
/* End PBXVariantGroup section */

/* Begin XCBuildConfiguration section */
		BC8FCC2E1D70115D006ADDB8 /* Debug */ = {
			isa = XCBuildConfiguration;
			buildSettings = {
				ALWAYS_SEARCH_USER_PATHS = NO;
				CLANG_ANALYZER_NONNULL = YES;
				CLANG_CXX_LANGUAGE_STANDARD = "gnu++0x";
				CLANG_CXX_LIBRARY = "libc++";
				CLANG_ENABLE_MODULES = YES;
				CLANG_ENABLE_OBJC_ARC = YES;
				CLANG_WARN_BOOL_CONVERSION = YES;
				CLANG_WARN_CONSTANT_CONVERSION = YES;
				CLANG_WARN_DIRECT_OBJC_ISA_USAGE = YES_ERROR;
				CLANG_WARN_DOCUMENTATION_COMMENTS = YES;
				CLANG_WARN_EMPTY_BODY = YES;
				CLANG_WARN_ENUM_CONVERSION = YES;
				CLANG_WARN_INFINITE_RECURSION = YES;
				CLANG_WARN_INT_CONVERSION = YES;
				CLANG_WARN_OBJC_ROOT_CLASS = YES_ERROR;
				CLANG_WARN_SUSPICIOUS_MOVES = YES;
				CLANG_WARN_UNREACHABLE_CODE = YES;
				CLANG_WARN__DUPLICATE_METHOD_MATCH = YES;
				"CODE_SIGN_IDENTITY[sdk=iphoneos*]" = "iPhone Developer";
				COPY_PHASE_STRIP = NO;
				DEBUG_INFORMATION_FORMAT = dwarf;
				ENABLE_STRICT_OBJC_MSGSEND = YES;
				ENABLE_TESTABILITY = YES;
				GCC_C_LANGUAGE_STANDARD = gnu99;
				GCC_DYNAMIC_NO_PIC = NO;
				GCC_NO_COMMON_BLOCKS = YES;
				GCC_OPTIMIZATION_LEVEL = 0;
				GCC_PREPROCESSOR_DEFINITIONS = (
					"DEBUG=1",
					"$(inherited)",
				);
				GCC_WARN_64_TO_32_BIT_CONVERSION = YES;
				GCC_WARN_ABOUT_RETURN_TYPE = YES_ERROR;
				GCC_WARN_UNDECLARED_SELECTOR = YES;
				GCC_WARN_UNINITIALIZED_AUTOS = YES_AGGRESSIVE;
				GCC_WARN_UNUSED_FUNCTION = YES;
				GCC_WARN_UNUSED_VARIABLE = YES;
				IPHONEOS_DEPLOYMENT_TARGET = 10.0;
				MTL_ENABLE_DEBUG_INFO = YES;
				ONLY_ACTIVE_ARCH = YES;
				SDKROOT = iphoneos;
				SWIFT_ACTIVE_COMPILATION_CONDITIONS = DEBUG;
				SWIFT_OPTIMIZATION_LEVEL = "-Onone";
				TARGETED_DEVICE_FAMILY = "1,2";
			};
			name = Debug;
		};
		BC8FCC2F1D70115D006ADDB8 /* Release */ = {
			isa = XCBuildConfiguration;
			buildSettings = {
				ALWAYS_SEARCH_USER_PATHS = NO;
				CLANG_ANALYZER_NONNULL = YES;
				CLANG_CXX_LANGUAGE_STANDARD = "gnu++0x";
				CLANG_CXX_LIBRARY = "libc++";
				CLANG_ENABLE_MODULES = YES;
				CLANG_ENABLE_OBJC_ARC = YES;
				CLANG_WARN_BOOL_CONVERSION = YES;
				CLANG_WARN_CONSTANT_CONVERSION = YES;
				CLANG_WARN_DIRECT_OBJC_ISA_USAGE = YES_ERROR;
				CLANG_WARN_DOCUMENTATION_COMMENTS = YES;
				CLANG_WARN_EMPTY_BODY = YES;
				CLANG_WARN_ENUM_CONVERSION = YES;
				CLANG_WARN_INFINITE_RECURSION = YES;
				CLANG_WARN_INT_CONVERSION = YES;
				CLANG_WARN_OBJC_ROOT_CLASS = YES_ERROR;
				CLANG_WARN_SUSPICIOUS_MOVES = YES;
				CLANG_WARN_UNREACHABLE_CODE = YES;
				CLANG_WARN__DUPLICATE_METHOD_MATCH = YES;
				"CODE_SIGN_IDENTITY[sdk=iphoneos*]" = "iPhone Developer";
				COPY_PHASE_STRIP = NO;
				DEBUG_INFORMATION_FORMAT = "dwarf-with-dsym";
				ENABLE_NS_ASSERTIONS = NO;
				ENABLE_STRICT_OBJC_MSGSEND = YES;
				GCC_C_LANGUAGE_STANDARD = gnu99;
				GCC_NO_COMMON_BLOCKS = YES;
				GCC_WARN_64_TO_32_BIT_CONVERSION = YES;
				GCC_WARN_ABOUT_RETURN_TYPE = YES_ERROR;
				GCC_WARN_UNDECLARED_SELECTOR = YES;
				GCC_WARN_UNINITIALIZED_AUTOS = YES_AGGRESSIVE;
				GCC_WARN_UNUSED_FUNCTION = YES;
				GCC_WARN_UNUSED_VARIABLE = YES;
				IPHONEOS_DEPLOYMENT_TARGET = 10.0;
				MTL_ENABLE_DEBUG_INFO = NO;
				SDKROOT = iphoneos;
				SWIFT_OPTIMIZATION_LEVEL = "-Owholemodule";
				TARGETED_DEVICE_FAMILY = "1,2";
				VALIDATE_PRODUCT = YES;
			};
			name = Release;
		};
		BC8FCC311D70115D006ADDB8 /* Debug */ = {
			isa = XCBuildConfiguration;
			buildSettings = {
				ASSETCATALOG_COMPILER_APPICON_NAME = AppIcon;
				DEVELOPMENT_TEAM = 79GTLBXDEQ;
				INFOPLIST_FILE = Blindfisch/Info.plist;
				IPHONEOS_DEPLOYMENT_TARGET = 9.3;
				LD_RUNPATH_SEARCH_PATHS = "$(inherited) @executable_path/Frameworks";
				PRODUCT_BUNDLE_IDENTIFIER = de.cka.Blindfisch;
				PRODUCT_NAME = "$(TARGET_NAME)";
				SWIFT_VERSION = 3.0;
			};
			name = Debug;
		};
		BC8FCC321D70115D006ADDB8 /* Release */ = {
			isa = XCBuildConfiguration;
			buildSettings = {
				ASSETCATALOG_COMPILER_APPICON_NAME = AppIcon;
				DEVELOPMENT_TEAM = 79GTLBXDEQ;
				INFOPLIST_FILE = Blindfisch/Info.plist;
				IPHONEOS_DEPLOYMENT_TARGET = 9.3;
				LD_RUNPATH_SEARCH_PATHS = "$(inherited) @executable_path/Frameworks";
				PRODUCT_BUNDLE_IDENTIFIER = de.cka.Blindfisch;
				PRODUCT_NAME = "$(TARGET_NAME)";
				SWIFT_VERSION = 3.0;
			};
			name = Release;
		};
		BC8FCC341D70115D006ADDB8 /* Debug */ = {
			isa = XCBuildConfiguration;
			buildSettings = {
				ALWAYS_EMBED_SWIFT_STANDARD_LIBRARIES = YES;
				BUNDLE_LOADER = "$(TEST_HOST)";
				INFOPLIST_FILE = BlindfischTests/Info.plist;
				LD_RUNPATH_SEARCH_PATHS = "$(inherited) @executable_path/Frameworks @loader_path/Frameworks";
				PRODUCT_BUNDLE_IDENTIFIER = de.cka.BlindfischTests;
				PRODUCT_NAME = "$(TARGET_NAME)";
				SWIFT_VERSION = 3.0;
				TEST_HOST = "$(BUILT_PRODUCTS_DIR)/Blindfisch.app/Blindfisch";
			};
			name = Debug;
		};
		BC8FCC351D70115D006ADDB8 /* Release */ = {
			isa = XCBuildConfiguration;
			buildSettings = {
				ALWAYS_EMBED_SWIFT_STANDARD_LIBRARIES = YES;
				BUNDLE_LOADER = "$(TEST_HOST)";
				INFOPLIST_FILE = BlindfischTests/Info.plist;
				LD_RUNPATH_SEARCH_PATHS = "$(inherited) @executable_path/Frameworks @loader_path/Frameworks";
				PRODUCT_BUNDLE_IDENTIFIER = de.cka.BlindfischTests;
				PRODUCT_NAME = "$(TARGET_NAME)";
				SWIFT_VERSION = 3.0;
				TEST_HOST = "$(BUILT_PRODUCTS_DIR)/Blindfisch.app/Blindfisch";
			};
			name = Release;
		};
		BC8FCC371D70115D006ADDB8 /* Debug */ = {
			isa = XCBuildConfiguration;
			buildSettings = {
				ALWAYS_EMBED_SWIFT_STANDARD_LIBRARIES = YES;
				INFOPLIST_FILE = BlindfischUITests/Info.plist;
				LD_RUNPATH_SEARCH_PATHS = "$(inherited) @executable_path/Frameworks @loader_path/Frameworks";
				PRODUCT_BUNDLE_IDENTIFIER = de.cka.BlindfischUITests;
				PRODUCT_NAME = "$(TARGET_NAME)";
				SWIFT_VERSION = 3.0;
				TEST_TARGET_NAME = Blindfisch;
			};
			name = Debug;
		};
		BC8FCC381D70115D006ADDB8 /* Release */ = {
			isa = XCBuildConfiguration;
			buildSettings = {
				ALWAYS_EMBED_SWIFT_STANDARD_LIBRARIES = YES;
				INFOPLIST_FILE = BlindfischUITests/Info.plist;
				LD_RUNPATH_SEARCH_PATHS = "$(inherited) @executable_path/Frameworks @loader_path/Frameworks";
				PRODUCT_BUNDLE_IDENTIFIER = de.cka.BlindfischUITests;
				PRODUCT_NAME = "$(TARGET_NAME)";
				SWIFT_VERSION = 3.0;
				TEST_TARGET_NAME = Blindfisch;
			};
			name = Release;
		};
/* End XCBuildConfiguration section */

/* Begin XCConfigurationList section */
		BC8FCC001D70115D006ADDB8 /* Build configuration list for PBXProject "Blindfisch" */ = {
			isa = XCConfigurationList;
			buildConfigurations = (
				BC8FCC2E1D70115D006ADDB8 /* Debug */,
				BC8FCC2F1D70115D006ADDB8 /* Release */,
			);
			defaultConfigurationIsVisible = 0;
			defaultConfigurationName = Release;
		};
		BC8FCC301D70115D006ADDB8 /* Build configuration list for PBXNativeTarget "Blindfisch" */ = {
			isa = XCConfigurationList;
			buildConfigurations = (
				BC8FCC311D70115D006ADDB8 /* Debug */,
				BC8FCC321D70115D006ADDB8 /* Release */,
			);
			defaultConfigurationIsVisible = 0;
		};
		BC8FCC331D70115D006ADDB8 /* Build configuration list for PBXNativeTarget "BlindfischTests" */ = {
			isa = XCConfigurationList;
			buildConfigurations = (
				BC8FCC341D70115D006ADDB8 /* Debug */,
				BC8FCC351D70115D006ADDB8 /* Release */,
			);
			defaultConfigurationIsVisible = 0;
		};
		BC8FCC361D70115D006ADDB8 /* Build configuration list for PBXNativeTarget "BlindfischUITests" */ = {
			isa = XCConfigurationList;
			buildConfigurations = (
				BC8FCC371D70115D006ADDB8 /* Debug */,
				BC8FCC381D70115D006ADDB8 /* Release */,
			);
			defaultConfigurationIsVisible = 0;
		};
/* End XCConfigurationList section */

/* Begin XCVersionGroup section */
		BC8FCC0F1D70115D006ADDB8 /* Blindfisch.xcdatamodeld */ = {
			isa = XCVersionGroup;
			children = (
				BC8FCC101D70115D006ADDB8 /* Blindfisch.xcdatamodel */,
			);
			currentVersion = BC8FCC101D70115D006ADDB8 /* Blindfisch.xcdatamodel */;
			path = Blindfisch.xcdatamodeld;
			sourceTree = "<group>";
			versionGroupType = wrapper.xcdatamodel;
		};
/* End XCVersionGroup section */
	};
	rootObject = BC8FCBFD1D70115D006ADDB8 /* Project object */;
}
